// !$*UTF8*$!
{
	archiveVersion = 1;
	classes = {
	};
	objectVersion = 46;
	objects = {

/* Begin PBXBuildFile section */
		7703E9D01D5AE214003F87CE /* CollapsibleTableView.framework in Frameworks */ = {isa = PBXBuildFile; fileRef = 7703E9CF1D5AE214003F87CE /* CollapsibleTableView.framework */; };
		77B6722C1C51F0BE002BA6EE /* AppDelegate.swift in Sources */ = {isa = PBXBuildFile; fileRef = 77B6722B1C51F0BE002BA6EE /* AppDelegate.swift */; };
		77B6722E1C51F0BE002BA6EE /* ViewController.swift in Sources */ = {isa = PBXBuildFile; fileRef = 77B6722D1C51F0BE002BA6EE /* ViewController.swift */; };
		77B672311C51F0BE002BA6EE /* Main.storyboard in Resources */ = {isa = PBXBuildFile; fileRef = 77B6722F1C51F0BE002BA6EE /* Main.storyboard */; };
		77B672331C51F0BE002BA6EE /* Assets.xcassets in Resources */ = {isa = PBXBuildFile; fileRef = 77B672321C51F0BE002BA6EE /* Assets.xcassets */; };
		77B672361C51F0BE002BA6EE /* LaunchScreen.storyboard in Resources */ = {isa = PBXBuildFile; fileRef = 77B672341C51F0BE002BA6EE /* LaunchScreen.storyboard */; };
		77B672411C51F0BE002BA6EE /* ExpandableTableViewTests.swift in Sources */ = {isa = PBXBuildFile; fileRef = 77B672401C51F0BE002BA6EE /* ExpandableTableViewTests.swift */; };
		77B6724C1C51F0BE002BA6EE /* ExpandableTableViewUITests.swift in Sources */ = {isa = PBXBuildFile; fileRef = 77B6724B1C51F0BE002BA6EE /* ExpandableTableViewUITests.swift */; };
		77B6725E1C51FC4A002BA6EE /* data.json in Resources */ = {isa = PBXBuildFile; fileRef = 77B6725D1C51FC4A002BA6EE /* data.json */; };
		77B672621C525CD0002BA6EE /* DisclosureIndicator.swift in Sources */ = {isa = PBXBuildFile; fileRef = 77B672611C525CD0002BA6EE /* DisclosureIndicator.swift */; };
/* End PBXBuildFile section */

/* Begin PBXContainerItemProxy section */
		77B6723D1C51F0BE002BA6EE /* PBXContainerItemProxy */ = {
			isa = PBXContainerItemProxy;
			containerPortal = 77B672201C51F0BE002BA6EE /* Project object */;
			proxyType = 1;
			remoteGlobalIDString = 77B672271C51F0BE002BA6EE;
			remoteInfo = ExpandableTableView;
		};
		77B672481C51F0BE002BA6EE /* PBXContainerItemProxy */ = {
			isa = PBXContainerItemProxy;
			containerPortal = 77B672201C51F0BE002BA6EE /* Project object */;
			proxyType = 1;
			remoteGlobalIDString = 77B672271C51F0BE002BA6EE;
			remoteInfo = ExpandableTableView;
		};
/* End PBXContainerItemProxy section */

/* Begin PBXFileReference section */
		7703E9CF1D5AE214003F87CE /* CollapsibleTableView.framework */ = {isa = PBXFileReference; lastKnownFileType = wrapper.framework; name = CollapsibleTableView.framework; path = "../../../Library/Developer/Xcode/DerivedData/FAQTableView-ellzgnmxlnjcekbwdiwkrupkmvij/Build/Products/Debug-iphonesimulator/CollapsibleTableView.framework"; sourceTree = "<group>"; };
		77B672281C51F0BE002BA6EE /* ExpandableTableView.app */ = {isa = PBXFileReference; explicitFileType = wrapper.application; includeInIndex = 0; path = ExpandableTableView.app; sourceTree = BUILT_PRODUCTS_DIR; };
		77B6722B1C51F0BE002BA6EE /* AppDelegate.swift */ = {isa = PBXFileReference; lastKnownFileType = sourcecode.swift; path = AppDelegate.swift; sourceTree = "<group>"; };
		77B6722D1C51F0BE002BA6EE /* ViewController.swift */ = {isa = PBXFileReference; lastKnownFileType = sourcecode.swift; path = ViewController.swift; sourceTree = "<group>"; };
		77B672301C51F0BE002BA6EE /* Base */ = {isa = PBXFileReference; lastKnownFileType = file.storyboard; name = Base; path = Base.lproj/Main.storyboard; sourceTree = "<group>"; };
		77B672321C51F0BE002BA6EE /* Assets.xcassets */ = {isa = PBXFileReference; lastKnownFileType = folder.assetcatalog; path = Assets.xcassets; sourceTree = "<group>"; };
		77B672351C51F0BE002BA6EE /* Base */ = {isa = PBXFileReference; lastKnownFileType = file.storyboard; name = Base; path = Base.lproj/LaunchScreen.storyboard; sourceTree = "<group>"; };
		77B672371C51F0BE002BA6EE /* Info.plist */ = {isa = PBXFileReference; lastKnownFileType = text.plist.xml; path = Info.plist; sourceTree = "<group>"; };
		77B6723C1C51F0BE002BA6EE /* ExpandableTableViewTests.xctest */ = {isa = PBXFileReference; explicitFileType = wrapper.cfbundle; includeInIndex = 0; path = ExpandableTableViewTests.xctest; sourceTree = BUILT_PRODUCTS_DIR; };
		77B672401C51F0BE002BA6EE /* ExpandableTableViewTests.swift */ = {isa = PBXFileReference; lastKnownFileType = sourcecode.swift; path = ExpandableTableViewTests.swift; sourceTree = "<group>"; };
		77B672421C51F0BE002BA6EE /* Info.plist */ = {isa = PBXFileReference; lastKnownFileType = text.plist.xml; path = Info.plist; sourceTree = "<group>"; };
		77B672471C51F0BE002BA6EE /* ExpandableTableViewUITests.xctest */ = {isa = PBXFileReference; explicitFileType = wrapper.cfbundle; includeInIndex = 0; path = ExpandableTableViewUITests.xctest; sourceTree = BUILT_PRODUCTS_DIR; };
		77B6724B1C51F0BE002BA6EE /* ExpandableTableViewUITests.swift */ = {isa = PBXFileReference; lastKnownFileType = sourcecode.swift; path = ExpandableTableViewUITests.swift; sourceTree = "<group>"; };
		77B6724D1C51F0BE002BA6EE /* Info.plist */ = {isa = PBXFileReference; lastKnownFileType = text.plist.xml; path = Info.plist; sourceTree = "<group>"; };
		77B6725D1C51FC4A002BA6EE /* data.json */ = {isa = PBXFileReference; fileEncoding = 4; lastKnownFileType = text.json; path = data.json; sourceTree = "<group>"; };
		77B672611C525CD0002BA6EE /* DisclosureIndicator.swift */ = {isa = PBXFileReference; fileEncoding = 4; lastKnownFileType = sourcecode.swift; path = DisclosureIndicator.swift; sourceTree = "<group>"; };
/* End PBXFileReference section */

/* Begin PBXFrameworksBuildPhase section */
		77B672251C51F0BE002BA6EE /* Frameworks */ = {
			isa = PBXFrameworksBuildPhase;
			buildActionMask = 2147483647;
			files = (
				7703E9D01D5AE214003F87CE /* CollapsibleTableView.framework in Frameworks */,
			);
			runOnlyForDeploymentPostprocessing = 0;
		};
		77B672391C51F0BE002BA6EE /* Frameworks */ = {
			isa = PBXFrameworksBuildPhase;
			buildActionMask = 2147483647;
			files = (
			);
			runOnlyForDeploymentPostprocessing = 0;
		};
		77B672441C51F0BE002BA6EE /* Frameworks */ = {
			isa = PBXFrameworksBuildPhase;
			buildActionMask = 2147483647;
			files = (
			);
			runOnlyForDeploymentPostprocessing = 0;
		};
/* End PBXFrameworksBuildPhase section */

/* Begin PBXGroup section */
		77B6721F1C51F0BE002BA6EE = {
			isa = PBXGroup;
			children = (
				7703E9CF1D5AE214003F87CE /* CollapsibleTableView.framework */,
				77B6722A1C51F0BE002BA6EE /* ExpandableTableView */,
				77B6723F1C51F0BE002BA6EE /* ExpandableTableViewTests */,
				77B6724A1C51F0BE002BA6EE /* ExpandableTableViewUITests */,
				77B672291C51F0BE002BA6EE /* Products */,
			);
			sourceTree = "<group>";
		};
		77B672291C51F0BE002BA6EE /* Products */ = {
			isa = PBXGroup;
			children = (
				77B672281C51F0BE002BA6EE /* ExpandableTableView.app */,
				77B6723C1C51F0BE002BA6EE /* ExpandableTableViewTests.xctest */,
				77B672471C51F0BE002BA6EE /* ExpandableTableViewUITests.xctest */,
			);
			name = Products;
			sourceTree = "<group>";
		};
		77B6722A1C51F0BE002BA6EE /* ExpandableTableView */ = {
			isa = PBXGroup;
			children = (
				77B6722B1C51F0BE002BA6EE /* AppDelegate.swift */,
				77B6722D1C51F0BE002BA6EE /* ViewController.swift */,
				77B6722F1C51F0BE002BA6EE /* Main.storyboard */,
				77B672321C51F0BE002BA6EE /* Assets.xcassets */,
				77B672341C51F0BE002BA6EE /* LaunchScreen.storyboard */,
				77B672371C51F0BE002BA6EE /* Info.plist */,
				77B6725D1C51FC4A002BA6EE /* data.json */,
				77B672611C525CD0002BA6EE /* DisclosureIndicator.swift */,
			);
			path = ExpandableTableView;
			sourceTree = "<group>";
		};
		77B6723F1C51F0BE002BA6EE /* ExpandableTableViewTests */ = {
			isa = PBXGroup;
			children = (
				77B672401C51F0BE002BA6EE /* ExpandableTableViewTests.swift */,
				77B672421C51F0BE002BA6EE /* Info.plist */,
			);
			path = ExpandableTableViewTests;
			sourceTree = "<group>";
		};
		77B6724A1C51F0BE002BA6EE /* ExpandableTableViewUITests */ = {
			isa = PBXGroup;
			children = (
				77B6724B1C51F0BE002BA6EE /* ExpandableTableViewUITests.swift */,
				77B6724D1C51F0BE002BA6EE /* Info.plist */,
			);
			path = ExpandableTableViewUITests;
			sourceTree = "<group>";
		};
/* End PBXGroup section */

/* Begin PBXNativeTarget section */
		77B672271C51F0BE002BA6EE /* ExpandableTableView */ = {
			isa = PBXNativeTarget;
			buildConfigurationList = 77B672501C51F0BE002BA6EE /* Build configuration list for PBXNativeTarget "ExpandableTableView" */;
			buildPhases = (
				77B672241C51F0BE002BA6EE /* Sources */,
				77B672251C51F0BE002BA6EE /* Frameworks */,
				77B672261C51F0BE002BA6EE /* Resources */,
			);
			buildRules = (
			);
			dependencies = (
			);
			name = ExpandableTableView;
			productName = ExpandableTableView;
			productReference = 77B672281C51F0BE002BA6EE /* ExpandableTableView.app */;
			productType = "com.apple.product-type.application";
		};
		77B6723B1C51F0BE002BA6EE /* ExpandableTableViewTests */ = {
			isa = PBXNativeTarget;
			buildConfigurationList = 77B672531C51F0BE002BA6EE /* Build configuration list for PBXNativeTarget "ExpandableTableViewTests" */;
			buildPhases = (
				77B672381C51F0BE002BA6EE /* Sources */,
				77B672391C51F0BE002BA6EE /* Frameworks */,
				77B6723A1C51F0BE002BA6EE /* Resources */,
			);
			buildRules = (
			);
			dependencies = (
				77B6723E1C51F0BE002BA6EE /* PBXTargetDependency */,
			);
			name = ExpandableTableViewTests;
			productName = ExpandableTableViewTests;
			productReference = 77B6723C1C51F0BE002BA6EE /* ExpandableTableViewTests.xctest */;
			productType = "com.apple.product-type.bundle.unit-test";
		};
		77B672461C51F0BE002BA6EE /* ExpandableTableViewUITests */ = {
			isa = PBXNativeTarget;
			buildConfigurationList = 77B672561C51F0BE002BA6EE /* Build configuration list for PBXNativeTarget "ExpandableTableViewUITests" */;
			buildPhases = (
				77B672431C51F0BE002BA6EE /* Sources */,
				77B672441C51F0BE002BA6EE /* Frameworks */,
				77B672451C51F0BE002BA6EE /* Resources */,
			);
			buildRules = (
			);
			dependencies = (
				77B672491C51F0BE002BA6EE /* PBXTargetDependency */,
			);
			name = ExpandableTableViewUITests;
			productName = ExpandableTableViewUITests;
			productReference = 77B672471C51F0BE002BA6EE /* ExpandableTableViewUITests.xctest */;
			productType = "com.apple.product-type.bundle.ui-testing";
		};
/* End PBXNativeTarget section */

/* Begin PBXProject section */
		77B672201C51F0BE002BA6EE /* Project object */ = {
			isa = PBXProject;
			attributes = {
				LastSwiftUpdateCheck = 0720;
				LastUpgradeCheck = 0720;
				ORGANIZATIONNAME = J;
				TargetAttributes = {
					77B672271C51F0BE002BA6EE = {
						CreatedOnToolsVersion = 7.2;
					};
					77B6723B1C51F0BE002BA6EE = {
						CreatedOnToolsVersion = 7.2;
						TestTargetID = 77B672271C51F0BE002BA6EE;
					};
					77B672461C51F0BE002BA6EE = {
						CreatedOnToolsVersion = 7.2;
						TestTargetID = 77B672271C51F0BE002BA6EE;
					};
				};
			};
			buildConfigurationList = 77B672231C51F0BE002BA6EE /* Build configuration list for PBXProject "ExpandableTableView" */;
			compatibilityVersion = "Xcode 3.2";
			developmentRegion = English;
			hasScannedForEncodings = 0;
			knownRegions = (
				en,
				Base,
			);
			mainGroup = 77B6721F1C51F0BE002BA6EE;
			productRefGroup = 77B672291C51F0BE002BA6EE /* Products */;
			projectDirPath = "";
			projectRoot = "";
			targets = (
				77B672271C51F0BE002BA6EE /* ExpandableTableView */,
				77B6723B1C51F0BE002BA6EE /* ExpandableTableViewTests */,
				77B672461C51F0BE002BA6EE /* ExpandableTableViewUITests */,
			);
		};
/* End PBXProject section */

/* Begin PBXResourcesBuildPhase section */
		77B672261C51F0BE002BA6EE /* Resources */ = {
			isa = PBXResourcesBuildPhase;
			buildActionMask = 2147483647;
			files = (
				77B672361C51F0BE002BA6EE /* LaunchScreen.storyboard in Resources */,
				77B672331C51F0BE002BA6EE /* Assets.xcassets in Resources */,
				77B672311C51F0BE002BA6EE /* Main.storyboard in Resources */,
				77B6725E1C51FC4A002BA6EE /* data.json in Resources */,
			);
			runOnlyForDeploymentPostprocessing = 0;
		};
		77B6723A1C51F0BE002BA6EE /* Resources */ = {
			isa = PBXResourcesBuildPhase;
			buildActionMask = 2147483647;
			files = (
			);
			runOnlyForDeploymentPostprocessing = 0;
		};
		77B672451C51F0BE002BA6EE /* Resources */ = {
			isa = PBXResourcesBuildPhase;
			buildActionMask = 2147483647;
			files = (
			);
			runOnlyForDeploymentPostprocessing = 0;
		};
/* End PBXResourcesBuildPhase section */

/* Begin PBXSourcesBuildPhase section */
		77B672241C51F0BE002BA6EE /* Sources */ = {
			isa = PBXSourcesBuildPhase;
			buildActionMask = 2147483647;
			files = (
				77B6722E1C51F0BE002BA6EE /* ViewController.swift in Sources */,
				77B6722C1C51F0BE002BA6EE /* AppDelegate.swift in Sources */,
				77B672621C525CD0002BA6EE /* DisclosureIndicator.swift in Sources */,
			);
			runOnlyForDeploymentPostprocessing = 0;
		};
		77B672381C51F0BE002BA6EE /* Sources */ = {
			isa = PBXSourcesBuildPhase;
			buildActionMask = 2147483647;
			files = (
				77B672411C51F0BE002BA6EE /* ExpandableTableViewTests.swift in Sources */,
			);
			runOnlyForDeploymentPostprocessing = 0;
		};
		77B672431C51F0BE002BA6EE /* Sources */ = {
			isa = PBXSourcesBuildPhase;
			buildActionMask = 2147483647;
			files = (
				77B6724C1C51F0BE002BA6EE /* ExpandableTableViewUITests.swift in Sources */,
			);
			runOnlyForDeploymentPostprocessing = 0;
		};
/* End PBXSourcesBuildPhase section */

/* Begin PBXTargetDependency section */
		77B6723E1C51F0BE002BA6EE /* PBXTargetDependency */ = {
			isa = PBXTargetDependency;
			target = 77B672271C51F0BE002BA6EE /* ExpandableTableView */;
			targetProxy = 77B6723D1C51F0BE002BA6EE /* PBXContainerItemProxy */;
		};
		77B672491C51F0BE002BA6EE /* PBXTargetDependency */ = {
			isa = PBXTargetDependency;
			target = 77B672271C51F0BE002BA6EE /* ExpandableTableView */;
			targetProxy = 77B672481C51F0BE002BA6EE /* PBXContainerItemProxy */;
		};
/* End PBXTargetDependency section */

/* Begin PBXVariantGroup section */
		77B6722F1C51F0BE002BA6EE /* Main.storyboard */ = {
			isa = PBXVariantGroup;
			children = (
				77B672301C51F0BE002BA6EE /* Base */,
			);
			name = Main.storyboard;
			sourceTree = "<group>";
		};
		77B672341C51F0BE002BA6EE /* LaunchScreen.storyboard */ = {
			isa = PBXVariantGroup;
			children = (
				77B672351C51F0BE002BA6EE /* Base */,
			);
			name = LaunchScreen.storyboard;
			sourceTree = "<group>";
		};
/* End PBXVariantGroup section */

/* Begin XCBuildConfiguration section */
		77B6724E1C51F0BE002BA6EE /* Debug */ = {
			isa = XCBuildConfiguration;
			buildSettings = {
				ALWAYS_SEARCH_USER_PATHS = NO;
				CLANG_CXX_LANGUAGE_STANDARD = "gnu++0x";
				CLANG_CXX_LIBRARY = "libc++";
				CLANG_ENABLE_MODULES = YES;
				CLANG_ENABLE_OBJC_ARC = YES;
				CLANG_WARN_BOOL_CONVERSION = YES;
				CLANG_WARN_CONSTANT_CONVERSION = YES;
				CLANG_WARN_DIRECT_OBJC_ISA_USAGE = YES_ERROR;
				CLANG_WARN_EMPTY_BODY = YES;
				CLANG_WARN_ENUM_CONVERSION = YES;
				CLANG_WARN_INT_CONVERSION = YES;
				CLANG_WARN_OBJC_ROOT_CLASS = YES_ERROR;
				CLANG_WARN_UNREACHABLE_CODE = YES;
				CLANG_WARN__DUPLICATE_METHOD_MATCH = YES;
				CODE_SIGN_IDENTITY = "iPhone Developer: Rishab Bokaria (8WAMDSUS58)";
				"CODE_SIGN_IDENTITY[sdk=iphoneos*]" = "iPhone Developer: Rishab Bokaria (8WAMDSUS58)";
				COPY_PHASE_STRIP = NO;
				DEBUG_INFORMATION_FORMAT = dwarf;
				ENABLE_STRICT_OBJC_MSGSEND = YES;
				ENABLE_TESTABILITY = YES;
				GCC_C_LANGUAGE_STANDARD = gnu99;
				GCC_DYNAMIC_NO_PIC = NO;
				GCC_NO_COMMON_BLOCKS = YES;
				GCC_OPTIMIZATION_LEVEL = 0;
				GCC_PREPROCESSOR_DEFINITIONS = (
					"DEBUG=1",
					"$(inherited)",
				);
				GCC_WARN_64_TO_32_BIT_CONVERSION = YES;
				GCC_WARN_ABOUT_RETURN_TYPE = YES_ERROR;
				GCC_WARN_UNDECLARED_SELECTOR = YES;
				GCC_WARN_UNINITIALIZED_AUTOS = YES_AGGRESSIVE;
				GCC_WARN_UNUSED_FUNCTION = YES;
				GCC_WARN_UNUSED_VARIABLE = YES;
				IPHONEOS_DEPLOYMENT_TARGET = 9.2;
				MTL_ENABLE_DEBUG_INFO = YES;
				ONLY_ACTIVE_ARCH = YES;
				SDKROOT = iphoneos;
				SWIFT_OPTIMIZATION_LEVEL = "-Onone";
				TARGETED_DEVICE_FAMILY = "1,2";
			};
			name = Debug;
		};
		77B6724F1C51F0BE002BA6EE /* Release */ = {
			isa = XCBuildConfiguration;
			buildSettings = {
				ALWAYS_SEARCH_USER_PATHS = NO;
				CLANG_CXX_LANGUAGE_STANDARD = "gnu++0x";
				CLANG_CXX_LIBRARY = "libc++";
				CLANG_ENABLE_MODULES = YES;
				CLANG_ENABLE_OBJC_ARC = YES;
				CLANG_WARN_BOOL_CONVERSION = YES;
				CLANG_WARN_CONSTANT_CONVERSION = YES;
				CLANG_WARN_DIRECT_OBJC_ISA_USAGE = YES_ERROR;
				CLANG_WARN_EMPTY_BODY = YES;
				CLANG_WARN_ENUM_CONVERSION = YES;
				CLANG_WARN_INT_CONVERSION = YES;
				CLANG_WARN_OBJC_ROOT_CLASS = YES_ERROR;
				CLANG_WARN_UNREACHABLE_CODE = YES;
				CLANG_WARN__DUPLICATE_METHOD_MATCH = YES;
				"CODE_SIGN_IDENTITY[sdk=iphoneos*]" = "iPhone Developer";
				COPY_PHASE_STRIP = NO;
				DEBUG_INFORMATION_FORMAT = "dwarf-with-dsym";
				ENABLE_NS_ASSERTIONS = NO;
				ENABLE_STRICT_OBJC_MSGSEND = YES;
				GCC_C_LANGUAGE_STANDARD = gnu99;
				GCC_NO_COMMON_BLOCKS = YES;
				GCC_WARN_64_TO_32_BIT_CONVERSION = YES;
				GCC_WARN_ABOUT_RETURN_TYPE = YES_ERROR;
				GCC_WARN_UNDECLARED_SELECTOR = YES;
				GCC_WARN_UNINITIALIZED_AUTOS = YES_AGGRESSIVE;
				GCC_WARN_UNUSED_FUNCTION = YES;
				GCC_WARN_UNUSED_VARIABLE = YES;
				IPHONEOS_DEPLOYMENT_TARGET = 9.2;
				MTL_ENABLE_DEBUG_INFO = NO;
				SDKROOT = iphoneos;
				TARGETED_DEVICE_FAMILY = "1,2";
				VALIDATE_PRODUCT = YES;
			};
			name = Release;
		};
		77B672511C51F0BE002BA6EE /* Debug */ = {
			isa = XCBuildConfiguration;
			buildSettings = {
				ASSETCATALOG_COMPILER_APPICON_NAME = AppIcon;
				CODE_SIGN_IDENTITY = "iPhone Developer: Rishab Bokaria (8WAMDSUS58)";
				FRAMEWORK_SEARCH_PATHS = (
					"$(inherited)",
					"$(PROJECT_DIR)/CollapsibleTableView/build/Release-iphoneos",
				);
				INFOPLIST_FILE = ExpandableTableView/Info.plist;
				IPHONEOS_DEPLOYMENT_TARGET = 9.3;
				LD_RUNPATH_SEARCH_PATHS = "$(inherited) @executable_path/Frameworks";
				PRODUCT_BUNDLE_IDENTIFIER = J.ExpandableTableView;
				PRODUCT_NAME = "$(TARGET_NAME)";
			};
			name = Debug;
		};
		77B672521C51F0BE002BA6EE /* Release */ = {
			isa = XCBuildConfiguration;
			buildSettings = {
				ASSETCATALOG_COMPILER_APPICON_NAME = AppIcon;
				FRAMEWORK_SEARCH_PATHS = (
					"$(inherited)",
					"$(PROJECT_DIR)/CollapsibleTableView/build/Release-iphoneos",
				);
				INFOPLIST_FILE = ExpandableTableView/Info.plist;
				IPHONEOS_DEPLOYMENT_TARGET = 9.3;
				LD_RUNPATH_SEARCH_PATHS = "$(inherited) @executable_path/Frameworks";
				PRODUCT_BUNDLE_IDENTIFIER = J.ExpandableTableView;
				PRODUCT_NAME = "$(TARGET_NAME)";
			};
			name = Release;
		};
		77B672541C51F0BE002BA6EE /* Debug */ = {
			isa = XCBuildConfiguration;
			buildSettings = {
				BUNDLE_LOADER = "$(TEST_HOST)";
				INFOPLIST_FILE = ExpandableTableViewTests/Info.plist;
				LD_RUNPATH_SEARCH_PATHS = "$(inherited) @executable_path/Frameworks @loader_path/Frameworks";
				PRODUCT_BUNDLE_IDENTIFIER = J.ExpandableTableViewTests;
				PRODUCT_NAME = "$(TARGET_NAME)";
				TEST_HOST = "$(BUILT_PRODUCTS_DIR)/ExpandableTableView.app/ExpandableTableView";
			};
			name = Debug;
		};
		77B672551C51F0BE002BA6EE /* Release */ = {
			isa = XCBuildConfiguration;
			buildSettings = {
				BUNDLE_LOADER = "$(TEST_HOST)";
				INFOPLIST_FILE = ExpandableTableViewTests/Info.plist;
				LD_RUNPATH_SEARCH_PATHS = "$(inherited) @executable_path/Frameworks @loader_path/Frameworks";
				PRODUCT_BUNDLE_IDENTIFIER = J.ExpandableTableViewTests;
				PRODUCT_NAME = "$(TARGET_NAME)";
				TEST_HOST = "$(BUILT_PRODUCTS_DIR)/ExpandableTableView.app/ExpandableTableView";
			};
			name = Release;
		};
		77B672571C51F0BE002BA6EE /* Debug */ = {
			isa = XCBuildConfiguration;
			buildSettings = {
				INFOPLIST_FILE = ExpandableTableViewUITests/Info.plist;
				LD_RUNPATH_SEARCH_PATHS = "$(inherited) @executable_path/Frameworks @loader_path/Frameworks";
				PRODUCT_BUNDLE_IDENTIFIER = J.ExpandableTableViewUITests;
				PRODUCT_NAME = "$(TARGET_NAME)";
				TEST_TARGET_NAME = ExpandableTableView;
				USES_XCTRUNNER = YES;
			};
			name = Debug;
		};
		77B672581C51F0BE002BA6EE /* Release */ = {
			isa = XCBuildConfiguration;
			buildSettings = {
				INFOPLIST_FILE = ExpandableTableViewUITests/Info.plist;
				LD_RUNPATH_SEARCH_PATHS = "$(inherited) @executable_path/Frameworks @loader_path/Frameworks";
				PRODUCT_BUNDLE_IDENTIFIER = J.ExpandableTableViewUITests;
				PRODUCT_NAME = "$(TARGET_NAME)";
				TEST_TARGET_NAME = ExpandableTableView;
				USES_XCTRUNNER = YES;
			};
			name = Release;
		};
/* End XCBuildConfiguration section */

/* Begin XCConfigurationList section */
		77B672231C51F0BE002BA6EE /* Build configuration list for PBXProject "ExpandableTableView" */ = {
			isa = XCConfigurationList;
			buildConfigurations = (
				77B6724E1C51F0BE002BA6EE /* Debug */,
				77B6724F1C51F0BE002BA6EE /* Release */,
			);
			defaultConfigurationIsVisible = 0;
			defaultConfigurationName = Release;
		};
		77B672501C51F0BE002BA6EE /* Build configuration list for PBXNativeTarget "ExpandableTableView" */ = {
			isa = XCConfigurationList;
			buildConfigurations = (
				77B672511C51F0BE002BA6EE /* Debug */,
				77B672521C51F0BE002BA6EE /* Release */,
			);
			defaultConfigurationIsVisible = 0;
			defaultConfigurationName = Release;
		};
		77B672531C51F0BE002BA6EE /* Build configuration list for PBXNativeTarget "ExpandableTableViewTests" */ = {
			isa = XCConfigurationList;
			buildConfigurations = (
				77B672541C51F0BE002BA6EE /* Debug */,
				77B672551C51F0BE002BA6EE /* Release */,
			);
			defaultConfigurationIsVisible = 0;
			defaultConfigurationName = Release;
		};
		77B672561C51F0BE002BA6EE /* Build configuration list for PBXNativeTarget "ExpandableTableViewUITests" */ = {
			isa = XCConfigurationList;
			buildConfigurations = (
				77B672571C51F0BE002BA6EE /* Debug */,
				77B672581C51F0BE002BA6EE /* Release */,
			);
			defaultConfigurationIsVisible = 0;
			defaultConfigurationName = Release;
		};
/* End XCConfigurationList section */
	};
	rootObject = 77B672201C51F0BE002BA6EE /* Project object */;
}
