// !$*UTF8*$!
{
	archiveVersion = 1;
	classes = {
	};
	objectVersion = 46;
	objects = {

/* Begin PBXBuildFile section */
		7703E9A81D5ADA4A003F87CE /* CollapsibleTableView.h in Headers */ = {isa = PBXBuildFile; fileRef = 7703E9A71D5ADA4A003F87CE /* CollapsibleTableView.h */; settings = {ATTRIBUTES = (Public, ); }; };
		7703E9AF1D5ADA4A003F87CE /* CollapsibleTableView.framework in Frameworks */ = {isa = PBXBuildFile; fileRef = 7703E9A41D5ADA4A003F87CE /* CollapsibleTableView.framework */; };
		7703E9B41D5ADA4A003F87CE /* CollapsibleTableViewTests.swift in Sources */ = {isa = PBXBuildFile; fileRef = 7703E9B31D5ADA4A003F87CE /* CollapsibleTableViewTests.swift */; };
		7703E9BF1D5ADA9D003F87CE /* ExpandableTableViewController.swift in Sources */ = {isa = PBXBuildFile; fileRef = 7703E9BE1D5ADA9D003F87CE /* ExpandableTableViewController.swift */; };
		7703E9C41D5ADAD4003F87CE /* DisclosureIndicator.swift in Sources */ = {isa = PBXBuildFile; fileRef = 7703E9C11D5ADAD4003F87CE /* DisclosureIndicator.swift */; };
		7703E9C51D5ADAD4003F87CE /* ExpandableTableViewCell.swift in Sources */ = {isa = PBXBuildFile; fileRef = 7703E9C21D5ADAD4003F87CE /* ExpandableTableViewCell.swift */; };
/* End PBXBuildFile section */

/* Begin PBXContainerItemProxy section */
		7703E9B01D5ADA4A003F87CE /* PBXContainerItemProxy */ = {
			isa = PBXContainerItemProxy;
			containerPortal = 7703E99B1D5ADA4A003F87CE /* Project object */;
			proxyType = 1;
			remoteGlobalIDString = 7703E9A31D5ADA4A003F87CE;
			remoteInfo = CollapsibleTableView;
		};
/* End PBXContainerItemProxy section */

/* Begin PBXFileReference section */
		7703E9A41D5ADA4A003F87CE /* CollapsibleTableView.framework */ = {isa = PBXFileReference; explicitFileType = wrapper.framework; includeInIndex = 0; path = CollapsibleTableView.framework; sourceTree = BUILT_PRODUCTS_DIR; };
		7703E9A71D5ADA4A003F87CE /* CollapsibleTableView.h */ = {isa = PBXFileReference; lastKnownFileType = sourcecode.c.h; path = CollapsibleTableView.h; sourceTree = "<group>"; };
		7703E9A91D5ADA4A003F87CE /* Info.plist */ = {isa = PBXFileReference; lastKnownFileType = text.plist.xml; path = Info.plist; sourceTree = "<group>"; };
		7703E9AE1D5ADA4A003F87CE /* CollapsibleTableViewTests.xctest */ = {isa = PBXFileReference; explicitFileType = wrapper.cfbundle; includeInIndex = 0; path = CollapsibleTableViewTests.xctest; sourceTree = BUILT_PRODUCTS_DIR; };
		7703E9B31D5ADA4A003F87CE /* CollapsibleTableViewTests.swift */ = {isa = PBXFileReference; lastKnownFileType = sourcecode.swift; path = CollapsibleTableViewTests.swift; sourceTree = "<group>"; };
		7703E9B51D5ADA4A003F87CE /* Info.plist */ = {isa = PBXFileReference; lastKnownFileType = text.plist.xml; path = Info.plist; sourceTree = "<group>"; };
		7703E9BE1D5ADA9D003F87CE /* ExpandableTableViewController.swift */ = {isa = PBXFileReference; fileEncoding = 4; lastKnownFileType = sourcecode.swift; path = ExpandableTableViewController.swift; sourceTree = "<group>"; };
		7703E9C11D5ADAD4003F87CE /* DisclosureIndicator.swift */ = {isa = PBXFileReference; fileEncoding = 4; lastKnownFileType = sourcecode.swift; path = DisclosureIndicator.swift; sourceTree = "<group>"; };
		7703E9C21D5ADAD4003F87CE /* ExpandableTableViewCell.swift */ = {isa = PBXFileReference; fileEncoding = 4; lastKnownFileType = sourcecode.swift; path = ExpandableTableViewCell.swift; sourceTree = "<group>"; };
/* End PBXFileReference section */

/* Begin PBXFrameworksBuildPhase section */
		7703E9A01D5ADA4A003F87CE /* Frameworks */ = {
			isa = PBXFrameworksBuildPhase;
			buildActionMask = 2147483647;
			files = (
			);
			runOnlyForDeploymentPostprocessing = 0;
		};
		7703E9AB1D5ADA4A003F87CE /* Frameworks */ = {
			isa = PBXFrameworksBuildPhase;
			buildActionMask = 2147483647;
			files = (
				7703E9AF1D5ADA4A003F87CE /* CollapsibleTableView.framework in Frameworks */,
			);
			runOnlyForDeploymentPostprocessing = 0;
		};
/* End PBXFrameworksBuildPhase section */

/* Begin PBXGroup section */
		7703E99A1D5ADA4A003F87CE = {
			isa = PBXGroup;
			children = (
				7703E9A61D5ADA4A003F87CE /* CollapsibleTableView */,
				7703E9B21D5ADA4A003F87CE /* CollapsibleTableViewTests */,
				7703E9A51D5ADA4A003F87CE /* Products */,
			);
			sourceTree = "<group>";
		};
		7703E9A51D5ADA4A003F87CE /* Products */ = {
			isa = PBXGroup;
			children = (
				7703E9A41D5ADA4A003F87CE /* CollapsibleTableView.framework */,
				7703E9AE1D5ADA4A003F87CE /* CollapsibleTableViewTests.xctest */,
			);
			name = Products;
			sourceTree = "<group>";
		};
		7703E9A61D5ADA4A003F87CE /* CollapsibleTableView */ = {
			isa = PBXGroup;
			children = (
				7703E9A71D5ADA4A003F87CE /* CollapsibleTableView.h */,
				7703E9A91D5ADA4A003F87CE /* Info.plist */,
				7703E9BE1D5ADA9D003F87CE /* ExpandableTableViewController.swift */,
				7703E9C11D5ADAD4003F87CE /* DisclosureIndicator.swift */,
				7703E9C21D5ADAD4003F87CE /* ExpandableTableViewCell.swift */,
			);
			path = CollapsibleTableView;
			sourceTree = "<group>";
		};
		7703E9B21D5ADA4A003F87CE /* CollapsibleTableViewTests */ = {
			isa = PBXGroup;
			children = (
				7703E9B31D5ADA4A003F87CE /* CollapsibleTableViewTests.swift */,
				7703E9B51D5ADA4A003F87CE /* Info.plist */,
			);
			path = CollapsibleTableViewTests;
			sourceTree = "<group>";
		};
/* End PBXGroup section */

/* Begin PBXHeadersBuildPhase section */
		7703E9A11D5ADA4A003F87CE /* Headers */ = {
			isa = PBXHeadersBuildPhase;
			buildActionMask = 2147483647;
			files = (
				7703E9A81D5ADA4A003F87CE /* CollapsibleTableView.h in Headers */,
			);
			runOnlyForDeploymentPostprocessing = 0;
		};
/* End PBXHeadersBuildPhase section */

/* Begin PBXNativeTarget section */
		7703E9A31D5ADA4A003F87CE /* CollapsibleTableView */ = {
			isa = PBXNativeTarget;
			buildConfigurationList = 7703E9B81D5ADA4A003F87CE /* Build configuration list for PBXNativeTarget "CollapsibleTableView" */;
			buildPhases = (
				7703E99F1D5ADA4A003F87CE /* Sources */,
				7703E9A01D5ADA4A003F87CE /* Frameworks */,
				7703E9A11D5ADA4A003F87CE /* Headers */,
				7703E9A21D5ADA4A003F87CE /* Resources */,
			);
			buildRules = (
			);
			dependencies = (
			);
			name = CollapsibleTableView;
			productName = CollapsibleTableView;
			productReference = 7703E9A41D5ADA4A003F87CE /* CollapsibleTableView.framework */;
			productType = "com.apple.product-type.framework";
		};
		7703E9AD1D5ADA4A003F87CE /* CollapsibleTableViewTests */ = {
			isa = PBXNativeTarget;
			buildConfigurationList = 7703E9BB1D5ADA4A003F87CE /* Build configuration list for PBXNativeTarget "CollapsibleTableViewTests" */;
			buildPhases = (
				7703E9AA1D5ADA4A003F87CE /* Sources */,
				7703E9AB1D5ADA4A003F87CE /* Frameworks */,
				7703E9AC1D5ADA4A003F87CE /* Resources */,
			);
			buildRules = (
			);
			dependencies = (
				7703E9B11D5ADA4A003F87CE /* PBXTargetDependency */,
			);
			name = CollapsibleTableViewTests;
			productName = CollapsibleTableViewTests;
			productReference = 7703E9AE1D5ADA4A003F87CE /* CollapsibleTableViewTests.xctest */;
			productType = "com.apple.product-type.bundle.unit-test";
		};
/* End PBXNativeTarget section */

/* Begin PBXProject section */
		7703E99B1D5ADA4A003F87CE /* Project object */ = {
			isa = PBXProject;
			attributes = {
				LastSwiftUpdateCheck = 0730;
				LastUpgradeCheck = 0730;
				ORGANIZATIONNAME = J;
				TargetAttributes = {
					7703E9A31D5ADA4A003F87CE = {
						CreatedOnToolsVersion = 7.3.1;
					};
					7703E9AD1D5ADA4A003F87CE = {
						CreatedOnToolsVersion = 7.3.1;
					};
				};
			};
			buildConfigurationList = 7703E99E1D5ADA4A003F87CE /* Build configuration list for PBXProject "CollapsibleTableView" */;
			compatibilityVersion = "Xcode 3.2";
			developmentRegion = English;
			hasScannedForEncodings = 0;
			knownRegions = (
				en,
			);
			mainGroup = 7703E99A1D5ADA4A003F87CE;
			productRefGroup = 7703E9A51D5ADA4A003F87CE /* Products */;
			projectDirPath = "";
			projectRoot = "";
			targets = (
				7703E9A31D5ADA4A003F87CE /* CollapsibleTableView */,
				7703E9AD1D5ADA4A003F87CE /* CollapsibleTableViewTests */,
			);
		};
/* End PBXProject section */

/* Begin PBXResourcesBuildPhase section */
		7703E9A21D5ADA4A003F87CE /* Resources */ = {
			isa = PBXResourcesBuildPhase;
			buildActionMask = 2147483647;
			files = (
			);
			runOnlyForDeploymentPostprocessing = 0;
		};
		7703E9AC1D5ADA4A003F87CE /* Resources */ = {
			isa = PBXResourcesBuildPhase;
			buildActionMask = 2147483647;
			files = (
			);
			runOnlyForDeploymentPostprocessing = 0;
		};
/* End PBXResourcesBuildPhase section */

/* Begin PBXSourcesBuildPhase section */
		7703E99F1D5ADA4A003F87CE /* Sources */ = {
			isa = PBXSourcesBuildPhase;
			buildActionMask = 2147483647;
			files = (
				7703E9C41D5ADAD4003F87CE /* DisclosureIndicator.swift in Sources */,
				7703E9BF1D5ADA9D003F87CE /* ExpandableTableViewController.swift in Sources */,
				7703E9C51D5ADAD4003F87CE /* ExpandableTableViewCell.swift in Sources */,
			);
			runOnlyForDeploymentPostprocessing = 0;
		};
		7703E9AA1D5ADA4A003F87CE /* Sources */ = {
			isa = PBXSourcesBuildPhase;
			buildActionMask = 2147483647;
			files = (
				7703E9B41D5ADA4A003F87CE /* CollapsibleTableViewTests.swift in Sources */,
			);
			runOnlyForDeploymentPostprocessing = 0;
		};
/* End PBXSourcesBuildPhase section */

/* Begin PBXTargetDependency section */
		7703E9B11D5ADA4A003F87CE /* PBXTargetDependency */ = {
			isa = PBXTargetDependency;
			target = 7703E9A31D5ADA4A003F87CE /* CollapsibleTableView */;
			targetProxy = 7703E9B01D5ADA4A003F87CE /* PBXContainerItemProxy */;
		};
/* End PBXTargetDependency section */

/* Begin XCBuildConfiguration section */
		7703E9B61D5ADA4A003F87CE /* Debug */ = {
			isa = XCBuildConfiguration;
			buildSettings = {
				ALWAYS_SEARCH_USER_PATHS = NO;
				CLANG_ANALYZER_NONNULL = YES;
				CLANG_CXX_LANGUAGE_STANDARD = "gnu++0x";
				CLANG_CXX_LIBRARY = "libc++";
				CLANG_ENABLE_MODULES = YES;
				CLANG_ENABLE_OBJC_ARC = YES;
				CLANG_WARN_BOOL_CONVERSION = YES;
				CLANG_WARN_CONSTANT_CONVERSION = YES;
				CLANG_WARN_DIRECT_OBJC_ISA_USAGE = YES_ERROR;
				CLANG_WARN_EMPTY_BODY = YES;
				CLANG_WARN_ENUM_CONVERSION = YES;
				CLANG_WARN_INT_CONVERSION = YES;
				CLANG_WARN_OBJC_ROOT_CLASS = YES_ERROR;
				CLANG_WARN_UNREACHABLE_CODE = YES;
				CLANG_WARN__DUPLICATE_METHOD_MATCH = YES;
				"CODE_SIGN_IDENTITY[sdk=iphoneos*]" = "iPhone Developer";
				COPY_PHASE_STRIP = NO;
				CURRENT_PROJECT_VERSION = 1;
				DEBUG_INFORMATION_FORMAT = dwarf;
				ENABLE_STRICT_OBJC_MSGSEND = YES;
				ENABLE_TESTABILITY = YES;
				GCC_C_LANGUAGE_STANDARD = gnu99;
				GCC_DYNAMIC_NO_PIC = NO;
				GCC_NO_COMMON_BLOCKS = YES;
				GCC_OPTIMIZATION_LEVEL = 0;
				GCC_PREPROCESSOR_DEFINITIONS = (
					"DEBUG=1",
					"$(inherited)",
				);
				GCC_WARN_64_TO_32_BIT_CONVERSION = YES;
				GCC_WARN_ABOUT_RETURN_TYPE = YES_ERROR;
				GCC_WARN_UNDECLARED_SELECTOR = YES;
				GCC_WARN_UNINITIALIZED_AUTOS = YES_AGGRESSIVE;
				GCC_WARN_UNUSED_FUNCTION = YES;
				GCC_WARN_UNUSED_VARIABLE = YES;
				IPHONEOS_DEPLOYMENT_TARGET = 9.3;
				MTL_ENABLE_DEBUG_INFO = YES;
				ONLY_ACTIVE_ARCH = YES;
				SDKROOT = iphoneos;
				SWIFT_OPTIMIZATION_LEVEL = "-Onone";
				TARGETED_DEVICE_FAMILY = "1,2";
				VERSIONING_SYSTEM = "apple-generic";
				VERSION_INFO_PREFIX = "";
			};
			name = Debug;
		};
		7703E9B71D5ADA4A003F87CE /* Release */ = {
			isa = XCBuildConfiguration;
			buildSettings = {
				ALWAYS_SEARCH_USER_PATHS = NO;
				CLANG_ANALYZER_NONNULL = YES;
				CLANG_CXX_LANGUAGE_STANDARD = "gnu++0x";
				CLANG_CXX_LIBRARY = "libc++";
				CLANG_ENABLE_MODULES = YES;
				CLANG_ENABLE_OBJC_ARC = YES;
				CLANG_WARN_BOOL_CONVERSION = YES;
				CLANG_WARN_CONSTANT_CONVERSION = YES;
				CLANG_WARN_DIRECT_OBJC_ISA_USAGE = YES_ERROR;
				CLANG_WARN_EMPTY_BODY = YES;
				CLANG_WARN_ENUM_CONVERSION = YES;
				CLANG_WARN_INT_CONVERSION = YES;
				CLANG_WARN_OBJC_ROOT_CLASS = YES_ERROR;
				CLANG_WARN_UNREACHABLE_CODE = YES;
				CLANG_WARN__DUPLICATE_METHOD_MATCH = YES;
				"CODE_SIGN_IDENTITY[sdk=iphoneos*]" = "iPhone Developer";
				COPY_PHASE_STRIP = NO;
				CURRENT_PROJECT_VERSION = 1;
				DEBUG_INFORMATION_FORMAT = "dwarf-with-dsym";
				ENABLE_NS_ASSERTIONS = NO;
				ENABLE_STRICT_OBJC_MSGSEND = YES;
				GCC_C_LANGUAGE_STANDARD = gnu99;
				GCC_NO_COMMON_BLOCKS = YES;
				GCC_WARN_64_TO_32_BIT_CONVERSION = YES;
				GCC_WARN_ABOUT_RETURN_TYPE = YES_ERROR;
				GCC_WARN_UNDECLARED_SELECTOR = YES;
				GCC_WARN_UNINITIALIZED_AUTOS = YES_AGGRESSIVE;
				GCC_WARN_UNUSED_FUNCTION = YES;
				GCC_WARN_UNUSED_VARIABLE = YES;
				IPHONEOS_DEPLOYMENT_TARGET = 9.3;
				MTL_ENABLE_DEBUG_INFO = NO;
				SDKROOT = iphoneos;
				TARGETED_DEVICE_FAMILY = "1,2";
				VALIDATE_PRODUCT = YES;
				VERSIONING_SYSTEM = "apple-generic";
				VERSION_INFO_PREFIX = "";
			};
			name = Release;
		};
		7703E9B91D5ADA4A003F87CE /* Debug */ = {
			isa = XCBuildConfiguration;
			buildSettings = {
				CLANG_ENABLE_MODULES = YES;
				DEFINES_MODULE = YES;
				DYLIB_COMPATIBILITY_VERSION = 1;
				DYLIB_CURRENT_VERSION = 1;
				DYLIB_INSTALL_NAME_BASE = "@rpath";
				INFOPLIST_FILE = CollapsibleTableView/Info.plist;
				INSTALL_PATH = "$(LOCAL_LIBRARY_DIR)/Frameworks";
				IPHONEOS_DEPLOYMENT_TARGET = 8.0;
				LD_RUNPATH_SEARCH_PATHS = "$(inherited) @executable_path/Frameworks @loader_path/Frameworks";
				PRODUCT_BUNDLE_IDENTIFIER = J.CollapsibleTableView;
				PRODUCT_NAME = "$(TARGET_NAME)";
				SKIP_INSTALL = YES;
				SWIFT_OPTIMIZATION_LEVEL = "-Onone";
			};
			name = Debug;
		};
		7703E9BA1D5ADA4A003F87CE /* Release */ = {
			isa = XCBuildConfiguration;
			buildSettings = {
				CLANG_ENABLE_MODULES = YES;
				DEFINES_MODULE = YES;
				DYLIB_COMPATIBILITY_VERSION = 1;
				DYLIB_CURRENT_VERSION = 1;
				DYLIB_INSTALL_NAME_BASE = "@rpath";
				INFOPLIST_FILE = CollapsibleTableView/Info.plist;
				INSTALL_PATH = "$(LOCAL_LIBRARY_DIR)/Frameworks";
				IPHONEOS_DEPLOYMENT_TARGET = 8.0;
				LD_RUNPATH_SEARCH_PATHS = "$(inherited) @executable_path/Frameworks @loader_path/Frameworks";
				PRODUCT_BUNDLE_IDENTIFIER = J.CollapsibleTableView;
				PRODUCT_NAME = "$(TARGET_NAME)";
				SKIP_INSTALL = YES;
			};
			name = Release;
		};
		7703E9BC1D5ADA4A003F87CE /* Debug */ = {
			isa = XCBuildConfiguration;
			buildSettings = {
				INFOPLIST_FILE = CollapsibleTableViewTests/Info.plist;
				LD_RUNPATH_SEARCH_PATHS = "$(inherited) @executable_path/Frameworks @loader_path/Frameworks";
				PRODUCT_BUNDLE_IDENTIFIER = J.CollapsibleTableViewTests;
				PRODUCT_NAME = "$(TARGET_NAME)";
			};
			name = Debug;
		};
		7703E9BD1D5ADA4A003F87CE /* Release */ = {
			isa = XCBuildConfiguration;
			buildSettings = {
				INFOPLIST_FILE = CollapsibleTableViewTests/Info.plist;
				LD_RUNPATH_SEARCH_PATHS = "$(inherited) @executable_path/Frameworks @loader_path/Frameworks";
				PRODUCT_BUNDLE_IDENTIFIER = J.CollapsibleTableViewTests;
				PRODUCT_NAME = "$(TARGET_NAME)";
			};
			name = Release;
		};
/* End XCBuildConfiguration section */

/* Begin XCConfigurationList section */
		7703E99E1D5ADA4A003F87CE /* Build configuration list for PBXProject "CollapsibleTableView" */ = {
			isa = XCConfigurationList;
			buildConfigurations = (
				7703E9B61D5ADA4A003F87CE /* Debug */,
				7703E9B71D5ADA4A003F87CE /* Release */,
			);
			defaultConfigurationIsVisible = 0;
			defaultConfigurationName = Release;
		};
		7703E9B81D5ADA4A003F87CE /* Build configuration list for PBXNativeTarget "CollapsibleTableView" */ = {
			isa = XCConfigurationList;
			buildConfigurations = (
				7703E9B91D5ADA4A003F87CE /* Debug */,
				7703E9BA1D5ADA4A003F87CE /* Release */,
			);
			defaultConfigurationIsVisible = 0;
		};
		7703E9BB1D5ADA4A003F87CE /* Build configuration list for PBXNativeTarget "CollapsibleTableViewTests" */ = {
			isa = XCConfigurationList;
			buildConfigurations = (
				7703E9BC1D5ADA4A003F87CE /* Debug */,
				7703E9BD1D5ADA4A003F87CE /* Release */,
			);
			defaultConfigurationIsVisible = 0;
		};
/* End XCConfigurationList section */
	};
	rootObject = 7703E99B1D5ADA4A003F87CE /* Project object */;
}
